<?xml version="1.0" encoding="utf-8"?>
<Project ToolsVersion="4.0" xmlns="http://schemas.microsoft.com/developer/msbuild/2003">
  <ItemGroup>
    <Filter Include="Source Files">
      <UniqueIdentifier>{4FC737F1-C7A5-4376-A066-2A32D752A2FF}</UniqueIdentifier>
      <Extensions>cpp;c;cc;cxx;def;odl;idl;hpj;bat;asm;asmx</Extensions>
    </Filter>
    <Filter Include="Header Files">
      <UniqueIdentifier>{93995380-89BD-4b04-88EB-625FBE52EBFB}</UniqueIdentifier>
      <Extensions>h;hpp;hxx;hm;inl;inc;xsd</Extensions>
    </Filter>
    <Filter Include="Resource Files">
      <UniqueIdentifier>{67DA6AB6-F800-4c08-8B7A-83BB121AAD01}</UniqueIdentifier>
      <Extensions>rc;ico;cur;bmp;dlg;rc2;rct;bin;rgs;gif;jpg;jpeg;jpe;resx;tiff;tif;png;wav;mfcribbon-ms</Extensions>
    </Filter>
    <Filter Include="Source Files\Cuda">
      <UniqueIdentifier>{fcba4bed-1d43-41b0-9365-0dc1f66e5bb3}</UniqueIdentifier>
    </Filter>
    <Filter Include="Source Files\OpenCL">
      <UniqueIdentifier>{4f9cd01d-485d-4063-b032-bd25aa6accc8}</UniqueIdentifier>
    </Filter>
    <Filter Include="Source Files\PDB">
      <UniqueIdentifier>{307bc309-c041-4b04-9d04-4c22ebb2bb36}</UniqueIdentifier>
    </Filter>
    <Filter Include="Source Files\File">
      <UniqueIdentifier>{a3db0b32-5417-4acd-b347-54e00ebafea8}</UniqueIdentifier>
    </Filter>
    <Filter Include="Source Files\OBJ">
      <UniqueIdentifier>{33b96ccb-ae4e-49be-8c01-9fd255014a52}</UniqueIdentifier>
    </Filter>
  </ItemGroup>
  <ItemGroup>
    <ClInclude Include="DLL_API.h">
      <Filter>Header Files</Filter>
    </ClInclude>
    <ClInclude Include="Cuda\CudaDataTypes.h">
      <Filter>Source Files\Cuda</Filter>
    </ClInclude>
    <ClInclude Include="Cuda\CudaKernel.h">
      <Filter>Source Files\Cuda</Filter>
    </ClInclude>
    <ClInclude Include="Cuda\CudaRayTracer.h">
      <Filter>Source Files\Cuda</Filter>
    </ClInclude>
    <ClInclude Include="GPUKernel.h">
      <Filter>Source Files</Filter>
    </ClInclude>
    <ClInclude Include="Consts.h">
      <Filter>Header Files</Filter>
    </ClInclude>
    <ClInclude Include="OpenCL\OpenCLKernel.h">
      <Filter>Source Files\OpenCL</Filter>
    </ClInclude>
    <ClInclude Include="RayTracingEngineStub.h">
      <Filter>Source Files</Filter>
    </ClInclude>
    <ClInclude Include="resource.h">
      <Filter>Header Files</Filter>
    </ClInclude>
    <ClInclude Include="Logging.h">
      <Filter>Source Files</Filter>
    </ClInclude>
    <ClInclude Include="PDBReader.h">
      <Filter>Source Files\PDB</Filter>
    </ClInclude>
    <ClInclude Include="FileMarshaller.h">
      <Filter>Source Files\File</Filter>
    </ClInclude>
    <ClInclude Include="OBJReader.h">
      <Filter>Source Files\OBJ</Filter>
    </ClInclude>
  </ItemGroup>
  <ItemGroup>
    <ClCompile Include="Cuda\CudaKernel.cpp">
      <Filter>Source Files\Cuda</Filter>
    </ClCompile>
    <ClCompile Include="GPUKernel.cpp">
      <Filter>Source Files</Filter>
    </ClCompile>
    <ClCompile Include="OpenCL\OpenCLKernel.cpp">
      <Filter>Source Files\OpenCL</Filter>
    </ClCompile>
    <ClCompile Include="RayTracingEngineStub.cpp">
      <Filter>Source Files</Filter>
    </ClCompile>
    <ClCompile Include="PDBReader.cpp">
      <Filter>Source Files\PDB</Filter>
    </ClCompile>
    <ClCompile Include="FileMarshaller.cpp">
      <Filter>Source Files\File</Filter>
    </ClCompile>
    <ClCompile Include="OBJReader.cpp">
      <Filter>Source Files\OBJ</Filter>
    </ClCompile>
  </ItemGroup>
  <ItemGroup>
    <CudaCompile Include="Cuda\CudaRayTracer.cu">
      <Filter>Source Files\Cuda</Filter>
    </CudaCompile>
  </ItemGroup>
  <ItemGroup>
    <ResourceCompile Include="RayTracingEngine.rc">
      <Filter>Resource Files</Filter>
    </ResourceCompile>
  </ItemGroup>
  <ItemGroup>
    <None Include="OpenCL\RayTracer.cl">
      <Filter>Source Files\OpenCL</Filter>
    </None>
    <None Include="Cuda\TextureMapping.cuh">
      <Filter>Source Files\Cuda</Filter>
    </None>
    <None Include="Cuda\GeometryShaders.cuh">
      <Filter>Source Files\Cuda</Filter>
    </None>
    <None Include="Cuda\VectorUtils.cuh">
      <Filter>Source Files\Cuda</Filter>
    </None>
    <None Include="Cuda\GeometryIntersections.cuh">
      <Filter>Source Files\Cuda</Filter>
    </None>
  </ItemGroup>
</Project>