<?xml version="1.0" encoding="utf-8"?>
<Project ToolsVersion="4.0" xmlns="http://schemas.microsoft.com/developer/msbuild/2003">
  <ItemGroup>
    <ClCompile Include="CausticScene.cpp">
      <Filter>Scenes\Source Files</Filter>
    </ClCompile>
    <ClCompile Include="XmasScene.cpp">
      <Filter>Scenes\Source Files</Filter>
    </ClCompile>
    <ClCompile Include="CornellBoxScene.cpp">
      <Filter>Scenes\Source Files</Filter>
    </ClCompile>
    <ClCompile Include="CubesScene.cpp">
      <Filter>Scenes\Source Files</Filter>
    </ClCompile>
    <ClCompile Include="CylinderScene.cpp">
      <Filter>Scenes\Source Files</Filter>
    </ClCompile>
    <ClCompile Include="DoggyStyleScene.cpp">
      <Filter>Scenes\Source Files</Filter>
    </ClCompile>
    <ClCompile Include="FractalScene.cpp">
      <Filter>Scenes\Source Files</Filter>
    </ClCompile>
    <ClCompile Include="GraphScene.cpp">
      <Filter>Scenes\Source Files</Filter>
    </ClCompile>
    <ClCompile Include="PerpetualMotionScene.cpp">
      <Filter>Scenes\Source Files</Filter>
    </ClCompile>
    <ClCompile Include="Scene.cpp">
      <Filter>Scenes\Source Files</Filter>
    </ClCompile>
    <ClCompile Include="TransparentScene.cpp">
      <Filter>Scenes\Source Files</Filter>
    </ClCompile>
    <ClCompile Include="TrefoilKnotScene.cpp">
      <Filter>Scenes\Source Files</Filter>
    </ClCompile>
    <ClCompile Include="TrianglesScene.cpp">
      <Filter>Scenes\Source Files</Filter>
    </ClCompile>
    <ClCompile Include="Year2013.cpp">
      <Filter>Scenes\Source Files</Filter>
    </ClCompile>
    <ClCompile Include="WaterScene.cpp">
      <Filter>Scenes\Source Files</Filter>
    </ClCompile>
    <ClCompile Include="SpheresScene.cpp">
      <Filter>Scenes\Source Files</Filter>
    </ClCompile>
    <ClCompile Include="FractalsScene.cpp">
      <Filter>Scenes\Source Files</Filter>
    </ClCompile>
    <ClCompile Include="CudaRayTracer.cpp">
      <Filter>Source Files</Filter>
    </ClCompile>
    <ClCompile Include="SpindizzyScene.cpp">
      <Filter>Scenes\Source Files</Filter>
    </ClCompile>
    <ClCompile Include="AnimationScene.cpp">
      <Filter>Scenes\Source Files</Filter>
    </ClCompile>
    <ClCompile Include="MoleculeScene.cpp">
      <Filter>Scenes\Source Files</Filter>
    </ClCompile>
    <ClCompile Include="MetaballsScene.cpp">
      <Filter>Scenes\Source Files</Filter>
    </ClCompile>
    <ClCompile Include="ObjScene.cpp">
      <Filter>Scenes\Source Files</Filter>
    </ClCompile>
    <ClCompile Include="GalleryScene.cpp">
      <Filter>Scenes\Source Files</Filter>
    </ClCompile>
    <ClCompile Include="KinectFaceTrackingScene.cpp">
      <Filter>Scenes\Source Files</Filter>
    </ClCompile>
    <ClCompile Include="SwcScene.cpp">
      <Filter>Scenes\Source Files</Filter>
    </ClCompile>
    <ClCompile Include="ColumnScene.cpp">
      <Filter>Scenes\Source Files</Filter>
    </ClCompile>
  </ItemGroup>
  <ItemGroup>
    <Filter Include="Source Files">
      <UniqueIdentifier>{64530b78-922b-4c35-9951-895ca152bdfb}</UniqueIdentifier>
    </Filter>
    <Filter Include="Scenes">
      <UniqueIdentifier>{ada93ad6-7674-4365-91ce-9c31f639a61d}</UniqueIdentifier>
    </Filter>
    <Filter Include="Scenes\Header Files">
      <UniqueIdentifier>{6cb05ff6-83c1-4291-9244-31a6a758308c}</UniqueIdentifier>
    </Filter>
    <Filter Include="Resource Files">
      <UniqueIdentifier>{87b84e29-98da-4028-8c34-3be9d1415d3c}</UniqueIdentifier>
    </Filter>
    <Filter Include="Sketchup">
      <UniqueIdentifier>{992d51de-fac4-4a7d-9722-627e5d8e862d}</UniqueIdentifier>
    </Filter>
    <Filter Include="Sketchup\Ruby">
      <UniqueIdentifier>{82ce07d9-3820-4cd3-87c2-e2c40b83e041}</UniqueIdentifier>
    </Filter>
    <Filter Include="Scenes\Source Files">
      <UniqueIdentifier>{dcca55b9-a2e1-43db-ab07-a111c1a62f28}</UniqueIdentifier>
    </Filter>
  </ItemGroup>
  <ItemGroup>
    <ClInclude Include="CausticScene.h">
      <Filter>Scenes\Header Files</Filter>
    </ClInclude>
    <ClInclude Include="CornellBoxScene.h">
      <Filter>Scenes\Header Files</Filter>
    </ClInclude>
    <ClInclude Include="CubesScene.h">
      <Filter>Scenes\Header Files</Filter>
    </ClInclude>
    <ClInclude Include="CylinderScene.h">
      <Filter>Scenes\Header Files</Filter>
    </ClInclude>
    <ClInclude Include="DoggyStyleScene.h">
      <Filter>Scenes\Header Files</Filter>
    </ClInclude>
    <ClInclude Include="FractalScene.h">
      <Filter>Scenes\Header Files</Filter>
    </ClInclude>
    <ClInclude Include="GraphScene.h">
      <Filter>Scenes\Header Files</Filter>
    </ClInclude>
    <ClInclude Include="PerpetualMotionScene.h">
      <Filter>Scenes\Header Files</Filter>
    </ClInclude>
    <ClInclude Include="Scene.h">
      <Filter>Scenes\Header Files</Filter>
    </ClInclude>
    <ClInclude Include="TransparentScene.h">
      <Filter>Scenes\Header Files</Filter>
    </ClInclude>
    <ClInclude Include="TrefoilKnotScene.h">
      <Filter>Scenes\Header Files</Filter>
    </ClInclude>
    <ClInclude Include="TrianglesScene.h">
      <Filter>Scenes\Header Files</Filter>
    </ClInclude>
    <ClInclude Include="XmasScene.h">
      <Filter>Scenes\Header Files</Filter>
    </ClInclude>
    <ClInclude Include="Year2013.h">
      <Filter>Scenes\Header Files</Filter>
    </ClInclude>
    <ClInclude Include="WaterScene.h">
      <Filter>Scenes\Header Files</Filter>
    </ClInclude>
    <ClInclude Include="SpheresScene.h">
      <Filter>Scenes\Header Files</Filter>
    </ClInclude>
    <ClInclude Include="FractalsScene.h">
      <Filter>Scenes\Header Files</Filter>
    </ClInclude>
    <ClInclude Include="SpindizzyScene.h">
      <Filter>Scenes\Header Files</Filter>
    </ClInclude>
    <ClInclude Include="AnimationScene.h">
      <Filter>Scenes\Header Files</Filter>
    </ClInclude>
    <ClInclude Include="MoleculeScene.h">
      <Filter>Scenes\Header Files</Filter>
    </ClInclude>
    <ClInclude Include="MetaballsScene.h">
      <Filter>Scenes\Header Files</Filter>
    </ClInclude>
    <ClInclude Include="ObjScene.h">
      <Filter>Scenes\Header Files</Filter>
    </ClInclude>
    <ClInclude Include="GalleryScene.h">
      <Filter>Scenes\Header Files</Filter>
    </ClInclude>
    <ClInclude Include="resource.h">
      <Filter>Resource Files</Filter>
    </ClInclude>
    <ClInclude Include="KinectFaceTrackingScene.h">
      <Filter>Scenes\Header Files</Filter>
    </ClInclude>
    <ClInclude Include="SwcScene.h">
      <Filter>Scenes\Header Files</Filter>
    </ClInclude>
    <ClInclude Include="ColumnScene.h">
      <Filter>Scenes\Header Files</Filter>
    </ClInclude>
  </ItemGroup>
  <ItemGroup>
    <ResourceCompile Include="Raytracer.rc">
      <Filter>Resource Files</Filter>
    </ResourceCompile>
  </ItemGroup>
  <ItemGroup>
    <None Include="images\SoL_R_Export.ico">
      <Filter>Resource Files</Filter>
    </None>
    <None Include="images\SoL_R_Cuda.ico">
      <Filter>Resource Files</Filter>
    </None>
    <None Include="images\SoL_R_OpenCL.ico">
      <Filter>Resource Files</Filter>
    </None>
    <None Include="Sketchup\Ruby\sksolr.rb">
      <Filter>Sketchup\Ruby</Filter>
    </None>
    <None Include="SoL_R.ico">
      <Filter>Resource Files</Filter>
    </None>
  </ItemGroup>
</Project>